github.com/Pallinder/go-randomdata v0.0.0-20170410161340-8c3362a5e678/go.mod h1:yHmJgulpD2Nfrm0cR9tI/+oAgRqCQQixsA8HyRZfV9Y=
github.com/davecgh/go-spew v1.1.1-0.20170711183451-adab96458c51/go.mod h1:J7Y8YcW2NihsgmVo/mv3lAwl/skON4iLHjSsI+c5H38=
github.com/dgrijalva/jwt-go v3.0.1-0.20170608005149-a539ee1a749a+incompatible h1:lwWnUpbS8H6DbUpe9VIY8G0vOupN8pnCPs68g9oxAJI=
github.com/dgrijalva/jwt-go v3.0.1-0.20170608005149-a539ee1a749a+incompatible/go.mod h1:E3ru+11k8xSBh+hMPgOLZmtrrCbhqsmaPHjLKYnJCaQ=
github.com/gin-contrib/sse v0.0.0-20170109093832-22d885f9ecc7 h1:AzN37oI0cOS+cougNAV9szl6CVoj2RYwzS3DpUQNtlY=
github.com/gin-contrib/sse v0.0.0-20170109093832-22d885f9ecc7/go.mod h1:VJ0WA2NBN22VlZ2dKZQPAPnyWw5XTlK1KymzLKsr59s=
github.com/gin-gonic/contrib v0.0.0-20170529062310-d4fc5a96cc0d/go.mod h1:iqneQ2Df3omzIVTkIfn7c1acsVnMGiSLn4XF5Blh3Yg=
github.com/gin-gonic/gin v1.1.5-0.20170716034208-93b3a0d7ec95 h1:sIbRUfQ2deJ7FBWMCYemeGy82ZiuGL/uSPnYpjcr8zw=
github.com/gin-gonic/gin v1.1.5-0.20170716034208-93b3a0d7ec95/go.mod h1:7cKuhb5qV2ggCFctp2fJQ+ErvciLZrIeoOSOm6mUr7Y=
github.com/go-playground/locales v0.11.2-0.20170327191450-1e5f1161c641/go.mod h1:IUMDtCfWo/w/mtMfIE/IG2K+Ey3ygWanZIBtBW0W2TM=
github.com/go-playground/universal-translator v0.16.1-0.20170327191703-71201497bace/go.mod h1:1AnU7NaIRDWWzGEKwgtJRd2xk99HeFyHw3yid4rvQIY=
github.com/golang/protobuf v0.0.0-20170712042213-0a4f71a498b7 h1:ulJ2cj/xlDlrwLCvWH4UeV9vJ/jXP6wEGgTSF7EOnmQ=
github.com/golang/protobuf v0.0.0-20170712042213-0a4f71a498b7/go.mod h1:6lQm79b+lXiMfvg/cZm0SGofjICqVBUtrP5yJMmIC1U=
github.com/gosimple/slug v1.1.0 h1:qazuiO8Pq90VbYCUh8/iNY8ShifnkXhRY6LOT8ZtNa4=
github.com/gosimple/slug v1.1.0/go.mod h1:ER78kgg1Mv0NQGlXiDe57DpCyfbNywXXZ9mIorhxAf0=
github.com/jinzhu/gorm v0.0.0-20170703134954-2a1463811ee1 h1:sWeCm69jE8uwB/gHLNG65Szf24KebYqoWq1boLccYcQ=
github.com/jinzhu/gorm v0.0.0-20170703134954-2a1463811ee1/go.mod h1:Vla75njaFJ8clLU1W44h34PjIkijhjHIYnZxMqCdxqo=
github.com/jinzhu/inflection v0.0.0-20170102125226-1c35d901db3d h1:jRQLvyVGL+iVtDElaEIDdKwpPqUIZJfzkNLV34htpEc=
github.com/jinzhu/inflection v0.0.0-20170102125226-1c35d901db3d/go.mod h1:h+uFLlag+Qp1Va5pdKtLDYj+kHp5pxUVkryuEj+Srlc=
github.com/json-iterator/go v0.0.0-20170711230430-b9dc3ebda73c h1:x3oKqNE0z7njySl+5qrdEWUovQL4t8pu4wXKPeCjcbY=
github.com/json-iterator/go v0.0.0-20170711230430-b9dc3ebda73c/go.mod h1:+SdeFBvtyEkXs7REEP0seUULqWtbJapLOCVDaaPEHmU=
github.com/mattn/go-isatty v0.0.2 h1:F+DnWktyadxnOrohKLNUC9/GjFii5RJgY4GFG6ilggw=
github.com/mattn/go-isatty v0.0.2/go.mod h1:M+lRXTBqGeGNdLjl/ufCoiOlB5xdOkqRJdNxMWT7Zi4=
github.com/mattn/go-sqlite3 v1.2.1-0.20170710140056-47fc4e5e9153 h1:FHnIp/MYhWs7XwMs4HGxJzvUjEXWRGQTWg5+Enc6fwM=
github.com/mattn/go-sqlite3 v1.2.1-0.20170710140056-47fc4e5e9153/go.mod h1:FPy6KqzDD04eiIsT53CuJW3U88zkxoIYsOqkbpncsNc=
github.com/pmezard/go-difflib v1.0.0/go.mod h1:iKH77koFhYxTK1pcRnkKkqfTogsbg7gZNVY4sRDYZ/4=
github.com/rainycape/unidecode v0.0.0-20150907023854-cb7f23ec59be h1:ta7tUOvsPHVHGom5hKW5VXNc2xZIkfCKP8iaqOyYtUQ=
github.com/rainycape/unidecode v0.0.0-20150907023854-cb7f23ec59be/go.mod h1:MIDFMn7db1kT65GmV94GzpX9Qdi7N/pQlwb+AN8wh+Q=
github.com/stretchr/objx v0.0.0-20150928122152-1a9d0bb9f541/go.mod h1:HFkY916IF+rwdDfMAkV7OtwuqBVzrE8GR6GFx+wExME=
github.com/stretchr/testify v1.1.5-0.20170714215325-05e8a0eda380/go.mod h1:a8OnRcib4nhh0OaRAV+Yts87kKdq0PP7pXfy6kDkUVs=
github.com/ugorji/go v0.0.0-20170620104852-5efa3251c7f7 h1:VtqNxrWGmleRhhDwCE2E98hD6Qn47lM06TOq4NTF9h0=
github.com/ugorji/go v0.0.0-20170620104852-5efa3251c7f7/go.mod h1:hnLbHMwcvSihnDhEfx2/BzKp2xb0Y+ErdfYcrs9tkJQ=
golang.org/x/crypto v0.0.0-20190308221718-c2843e01d9a2/go.mod h1:djNgcEr1/C05ACkg1iLfiJU5Ep61QUkGW8qpdssI0+w=
golang.org/x/crypto v0.0.0-20191227163750-53104e6ec876 h1:sKJQZMuxjOAR/Uo2LBfU90onWEf1dF4C+0hPJCc9Mpc=
golang.org/x/crypto v0.0.0-20191227163750-53104e6ec876/go.mod h1:LzIPMQfyMNhhGPhUkYOs5KpL4U8rLKemX1yGLhDgUto=
golang.org/x/net v0.0.0-20170711181219-f01ecb60fe38 h1:I4rDgZTD8Y1SfY4Tf3X3dyPPE6PY0gg4DMMOW1n+ais=
golang.org/x/net v0.0.0-20170711181219-f01ecb60fe38/go.mod h1:mL1N/T3taQHkDXs73rZJwtUhF3w3ftmwwsq0BUmARs4=
golang.org/x/net v0.0.0-20190404232315-eb5bcb51f2a3 h1:0GoQqolDA55aaLxZyTzK/Y2ePZzZTUrRacwib7cNsYQ=
golang.org/x/net v0.0.0-20190404232315-eb5bcb51f2a3/go.mod h1:t9HGtf8HONx5eT2rtn7q6eTqICYqUVnKs3thJo3Qplg=
golang.org/x/sys v0.0.0-20170710161658-abf9c25f5445/go.mod h1:STP8DvDyc/dI5b8T5hshtkjS+E42TnysNCUPdjciGhY=
golang.org/x/sys v0.0.0-20190215142949-d0b11bdaac8a/go.mod h1:STP8DvDyc/dI5b8T5hshtkjS+E42TnysNCUPdjciGhY=
golang.org/x/sys v0.0.0-20190412213103-97732733099d/go.mod h1:h1NjWce9XRLGQEsW7wpKNCjG9DtNlClVuFLEZdDNbEs=
golang.org/x/text v0.3.0/go.mod h1:NqM8EUOU14njkJ3fqMW+pc6Ldnwhi/IjpwHt7yyuwOQ=
gopkg.in/gin-gonic/gin.v1 v1.1.5-0.20170702092826-d459835d2b07 h1:xditn5+9QdyB5pC9oz4QzEflRMQqfEwcV2z5ZxZ3jJs=
gopkg.in/gin-gonic/gin.v1 v1.1.5-0.20170702092826-d459835d2b07/go.mod h1:Eljh74A/zAvUOQ835v6ySeZ+5gQG6tKjbZTaZ9iWU3A=
gopkg.in/go-playground/validator.v8 v8.18.1 h1:F8SLY5Vqesjs1nI1EL4qmF1PQZ1sitsmq0rPYXLyfGU=
gopkg.in/go-playground/validator.v8 v8.18.1/go.mod h1:RX2a/7Ha8BgOhfk7j780h4/u/RRjR0eouCJSH80/M2Y=
gopkg.in/stretchr/testify.v1 v1.1.4/go.mod h1:QI5V/q6UbPmuhtm10CaFZxED9NreB8PnFYN9JcR6TxU=
gopkg.in/yaml.v2 v2.0.0-20170712054546-1be3d31502d6 h1:CvAnnm1XvMjfib69SZzDwgWfOk+PxYz0hA0HBupilBA=
gopkg.in/yaml.v2 v2.0.0-20170712054546-1be3d31502d6/go.mod h1:JAlM8MvJe8wmxCU4Bli9HhUf9+ttbYbLASfIpnQbh74=
